{
  "name": "tag_gui",
  "lockfileVersion": 2,
  "requires": true,
  "packages": {
    "": {
      "dependencies": {
        "@bokeh/bokehjs": "^3.0.1"
      }
    },
    "node_modules/@bokeh/bokehjs": {
      "version": "3.0.1",
      "resolved": "https://registry.npmjs.org/@bokeh/bokehjs/-/bokehjs-3.0.1.tgz",
      "integrity": "sha512-UnCXR6XuX2Z6XZuOiqOVuCBb0YdG5Gsh4jRHE1VqjrUc3mtwB59ykRgYsnwjiQBsFYZWyrG4RcLBVb8zwUM+Ig==",
      "engines": {
        "node": ">=16.0",
        "npm": ">=8.0"
      }
    }
  },
  "dependencies": {
    "@bokeh/bokehjs": {
      "version": "3.0.1",
      "resolved": "https://registry.npmjs.org/@bokeh/bokehjs/-/bokehjs-3.0.1.tgz",
      "integrity": "sha512-UnCXR6XuX2Z6XZuOiqOVuCBb0YdG5Gsh4jRHE1VqjrUc3mtwB59ykRgYsnwjiQBsFYZWyrG4RcLBVb8zwUM+Ig=="
    }
  }
}
